
Microsoft Visual Studio Solution File, Format Version 12.00
# Visual Studio Version 16
VisualStudioVersion = 16.0.30517.126
MinimumVisualStudioVersion = 10.0.40219.1
Project("{9A19103F-16F7-4668-BE54-9A1E7A4F7556}") = "FoodOrder", "FoodOrder\FoodOrder.csproj", "{D5138A3A-EFEC-4A95-9EE9-11445A212163}"
EndProject
Project("{9A19103F-16F7-4668-BE54-9A1E7A4F7556}") = "FoodOrder.Core", "FoodOrder.Core\FoodOrder.Core.csproj", "{0A3052B1-52DA-45FA-8150-7135535EE113}"
EndProject
Project("{9A19103F-16F7-4668-BE54-9A1E7A4F7556}") = "FoodOrder.Infrastructure", "FoodOrder.Infrastructure\FoodOrder.Infrastructure.csproj", "{245A8E2D-3027-473D-96BA-1B39624FAE45}"
EndProject
Global
	GlobalSection(SolutionConfigurationPlatforms) = preSolution
		Debug|Any CPU = Debug|Any CPU
		Release|Any CPU = Release|Any CPU
	EndGlobalSection
	GlobalSection(ProjectConfigurationPlatforms) = postSolution
		{D5138A3A-EFEC-4A95-9EE9-11445A212163}.Debug|Any CPU.ActiveCfg = Debug|Any CPU
		{D5138A3A-EFEC-4A95-9EE9-11445A212163}.Debug|Any CPU.Build.0 = Debug|Any CPU
		{D5138A3A-EFEC-4A95-9EE9-11445A212163}.Release|Any CPU.ActiveCfg = Release|Any CPU
		{D5138A3A-EFEC-4A95-9EE9-11445A212163}.Release|Any CPU.Build.0 = Release|Any CPU
		{0A3052B1-52DA-45FA-8150-7135535EE113}.Debug|Any CPU.ActiveCfg = Debug|Any CPU
		{0A3052B1-52DA-45FA-8150-7135535EE113}.Debug|Any CPU.Build.0 = Debug|Any CPU
		{0A3052B1-52DA-45FA-8150-7135535EE113}.Release|Any CPU.ActiveCfg = Release|Any CPU
		{0A3052B1-52DA-45FA-8150-7135535EE113}.Release|Any CPU.Build.0 = Release|Any CPU
		{245A8E2D-3027-473D-96BA-1B39624FAE45}.Debug|Any CPU.ActiveCfg = Debug|Any CPU
		{245A8E2D-3027-473D-96BA-1B39624FAE45}.Debug|Any CPU.Build.0 = Debug|Any CPU
		{245A8E2D-3027-473D-96BA-1B39624FAE45}.Release|Any CPU.ActiveCfg = Release|Any CPU
		{245A8E2D-3027-473D-96BA-1B39624FAE45}.Release|Any CPU.Build.0 = Release|Any CPU
	EndGlobalSection
	GlobalSection(SolutionProperties) = preSolution
		HideSolutionNode = FALSE
	EndGlobalSection
	GlobalSection(ExtensibilityGlobals) = postSolution
		SolutionGuid = {BE98AC89-A823-4EA1-970D-DCBDD5AF77B8}
	EndGlobalSection
EndGlobal
